
Microsoft Visual Studio Solution File, Format Version 12.00
# Visual Studio 2013
VisualStudioVersion = 12.0.21005.1
MinimumVisualStudioVersion = 10.0.40219.1
Project("{FAE04EC0-301F-11D3-BF4B-00C04F79EFBC}") = "TBP.Blog.Infra.Data", "TBP.Blog.Infra.Data\TBP.Blog.Infra.Data.csproj", "{6A8F3CCC-274A-473C-B39D-1350BDE953E5}"
EndProject
Project("{FAE04EC0-301F-11D3-BF4B-00C04F79EFBC}") = "TBP.Blog.Dominio", "TBP.Blog.Dominio\TBP.Blog.Dominio.csproj", "{2526AF02-D096-4B79-B2D6-8A353C7A79DA}"
EndProject
Project("{FAE04EC0-301F-11D3-BF4B-00C04F79EFBC}") = "TBP.Blog.Dominio.Tests", "TBP.Blog.Dominio.Tests\TBP.Blog.Dominio.Tests.csproj", "{1C51DA5D-08C8-4E72-9E1D-8F7FFAA7524A}"
EndProject
Project("{2150E333-8FDC-42A3-9474-1A3956D46DE8}") = "0 - Apresentacao", "0 - Apresentacao", "{0E2FEF87-F0C1-48A7-BE75-D699230672BC}"
EndProject
Project("{2150E333-8FDC-42A3-9474-1A3956D46DE8}") = "1 - Servicos", "1 - Servicos", "{A543DF1D-012E-4280-8596-EB099FBB8ECE}"
EndProject
Project("{2150E333-8FDC-42A3-9474-1A3956D46DE8}") = "2 - Aplicacao", "2 - Aplicacao", "{DA247A4B-13DE-430B-8AAF-E82496038721}"
EndProject
Project("{2150E333-8FDC-42A3-9474-1A3956D46DE8}") = "3 - Dominio", "3 - Dominio", "{3F013670-13D5-47A7-ACD6-DA30E7280B58}"
EndProject
Project("{2150E333-8FDC-42A3-9474-1A3956D46DE8}") = "4 - Infra", "4 - Infra", "{892FD69B-CE0E-4F34-B268-11873119BC61}"
EndProject
Project("{2150E333-8FDC-42A3-9474-1A3956D46DE8}") = "4.1 - Data", "4.1 - Data", "{875C2AAE-1EEE-498E-B755-C07DCD3E2E28}"
EndProject
Project("{FAE04EC0-301F-11D3-BF4B-00C04F79EFBC}") = "TBP.Blog.Aplicacao", "TBP.Blog.Aplicacao\TBP.Blog.Aplicacao.csproj", "{A4DE58E4-754D-4FD5-A521-E249C7E60113}"
EndProject
Project("{FAE04EC0-301F-11D3-BF4B-00C04F79EFBC}") = "TBP.Blog.Apresentacao.Mvc", "TBP.Blog.Apresentacao.Mvc\TBP.Blog.Apresentacao.Mvc.csproj", "{23AC2D89-070E-4272-9E27-47D8779BCF97}"
EndProject
Project("{2150E333-8FDC-42A3-9474-1A3956D46DE8}") = "4.2 - CrossCutting", "4.2 - CrossCutting", "{1260E65F-A668-421C-A460-4B15CE9C04D9}"
EndProject
Project("{FAE04EC0-301F-11D3-BF4B-00C04F79EFBC}") = "TBP.Blog.Infra.CrossCutting.IoC", "TBP.Blog.Infra.CrossCutting.IoC\TBP.Blog.Infra.CrossCutting.IoC.csproj", "{DA99013F-FEFF-4EE1-9C9F-B3D3B8F65549}"
EndProject
Project("{FAE04EC0-301F-11D3-BF4B-00C04F79EFBC}") = "TBP.Blog.Infra.CrossCutting.Resources", "TBP.Blog.Infra.CrossCutting.Resources\TBP.Blog.Infra.CrossCutting.Resources.csproj", "{19984B35-C781-4CD2-BDB3-997AA08B3226}"
EndProject
Project("{FAE04EC0-301F-11D3-BF4B-00C04F79EFBC}") = "TBP.Blog.Infra.CrossCutting.Identity", "TBP.Blog.Infra.CrossCutting.Identity\TBP.Blog.Infra.CrossCutting.Identity.csproj", "{992E0FD3-2725-4B6C-A554-9E73665CCD52}"
EndProject
Global
	GlobalSection(SolutionConfigurationPlatforms) = preSolution
		Debug|Any CPU = Debug|Any CPU
		Release|Any CPU = Release|Any CPU
	EndGlobalSection
	GlobalSection(ProjectConfigurationPlatforms) = postSolution
		{6A8F3CCC-274A-473C-B39D-1350BDE953E5}.Debug|Any CPU.ActiveCfg = Debug|Any CPU
		{6A8F3CCC-274A-473C-B39D-1350BDE953E5}.Debug|Any CPU.Build.0 = Debug|Any CPU
		{6A8F3CCC-274A-473C-B39D-1350BDE953E5}.Release|Any CPU.ActiveCfg = Release|Any CPU
		{6A8F3CCC-274A-473C-B39D-1350BDE953E5}.Release|Any CPU.Build.0 = Release|Any CPU
		{2526AF02-D096-4B79-B2D6-8A353C7A79DA}.Debug|Any CPU.ActiveCfg = Debug|Any CPU
		{2526AF02-D096-4B79-B2D6-8A353C7A79DA}.Debug|Any CPU.Build.0 = Debug|Any CPU
		{2526AF02-D096-4B79-B2D6-8A353C7A79DA}.Release|Any CPU.ActiveCfg = Release|Any CPU
		{2526AF02-D096-4B79-B2D6-8A353C7A79DA}.Release|Any CPU.Build.0 = Release|Any CPU
		{1C51DA5D-08C8-4E72-9E1D-8F7FFAA7524A}.Debug|Any CPU.ActiveCfg = Debug|Any CPU
		{1C51DA5D-08C8-4E72-9E1D-8F7FFAA7524A}.Debug|Any CPU.Build.0 = Debug|Any CPU
		{1C51DA5D-08C8-4E72-9E1D-8F7FFAA7524A}.Release|Any CPU.ActiveCfg = Release|Any CPU
		{1C51DA5D-08C8-4E72-9E1D-8F7FFAA7524A}.Release|Any CPU.Build.0 = Release|Any CPU
		{A4DE58E4-754D-4FD5-A521-E249C7E60113}.Debug|Any CPU.ActiveCfg = Debug|Any CPU
		{A4DE58E4-754D-4FD5-A521-E249C7E60113}.Debug|Any CPU.Build.0 = Debug|Any CPU
		{A4DE58E4-754D-4FD5-A521-E249C7E60113}.Release|Any CPU.ActiveCfg = Release|Any CPU
		{A4DE58E4-754D-4FD5-A521-E249C7E60113}.Release|Any CPU.Build.0 = Release|Any CPU
		{23AC2D89-070E-4272-9E27-47D8779BCF97}.Debug|Any CPU.ActiveCfg = Debug|Any CPU
		{23AC2D89-070E-4272-9E27-47D8779BCF97}.Debug|Any CPU.Build.0 = Debug|Any CPU
		{23AC2D89-070E-4272-9E27-47D8779BCF97}.Release|Any CPU.ActiveCfg = Release|Any CPU
		{23AC2D89-070E-4272-9E27-47D8779BCF97}.Release|Any CPU.Build.0 = Release|Any CPU
		{DA99013F-FEFF-4EE1-9C9F-B3D3B8F65549}.Debug|Any CPU.ActiveCfg = Debug|Any CPU
		{DA99013F-FEFF-4EE1-9C9F-B3D3B8F65549}.Debug|Any CPU.Build.0 = Debug|Any CPU
		{DA99013F-FEFF-4EE1-9C9F-B3D3B8F65549}.Release|Any CPU.ActiveCfg = Release|Any CPU
		{DA99013F-FEFF-4EE1-9C9F-B3D3B8F65549}.Release|Any CPU.Build.0 = Release|Any CPU
		{19984B35-C781-4CD2-BDB3-997AA08B3226}.Debug|Any CPU.ActiveCfg = Debug|Any CPU
		{19984B35-C781-4CD2-BDB3-997AA08B3226}.Debug|Any CPU.Build.0 = Debug|Any CPU
		{19984B35-C781-4CD2-BDB3-997AA08B3226}.Release|Any CPU.ActiveCfg = Release|Any CPU
		{19984B35-C781-4CD2-BDB3-997AA08B3226}.Release|Any CPU.Build.0 = Release|Any CPU
		{992E0FD3-2725-4B6C-A554-9E73665CCD52}.Debug|Any CPU.ActiveCfg = Debug|Any CPU
		{992E0FD3-2725-4B6C-A554-9E73665CCD52}.Debug|Any CPU.Build.0 = Debug|Any CPU
		{992E0FD3-2725-4B6C-A554-9E73665CCD52}.Release|Any CPU.ActiveCfg = Release|Any CPU
		{992E0FD3-2725-4B6C-A554-9E73665CCD52}.Release|Any CPU.Build.0 = Release|Any CPU
	EndGlobalSection
	GlobalSection(SolutionProperties) = preSolution
		HideSolutionNode = FALSE
	EndGlobalSection
	GlobalSection(NestedProjects) = preSolution
		{875C2AAE-1EEE-498E-B755-C07DCD3E2E28} = {892FD69B-CE0E-4F34-B268-11873119BC61}
		{1260E65F-A668-421C-A460-4B15CE9C04D9} = {892FD69B-CE0E-4F34-B268-11873119BC61}
		{1C51DA5D-08C8-4E72-9E1D-8F7FFAA7524A} = {3F013670-13D5-47A7-ACD6-DA30E7280B58}
		{2526AF02-D096-4B79-B2D6-8A353C7A79DA} = {3F013670-13D5-47A7-ACD6-DA30E7280B58}
		{23AC2D89-070E-4272-9E27-47D8779BCF97} = {0E2FEF87-F0C1-48A7-BE75-D699230672BC}
		{A4DE58E4-754D-4FD5-A521-E249C7E60113} = {DA247A4B-13DE-430B-8AAF-E82496038721}
		{6A8F3CCC-274A-473C-B39D-1350BDE953E5} = {875C2AAE-1EEE-498E-B755-C07DCD3E2E28}
		{DA99013F-FEFF-4EE1-9C9F-B3D3B8F65549} = {1260E65F-A668-421C-A460-4B15CE9C04D9}
		{19984B35-C781-4CD2-BDB3-997AA08B3226} = {1260E65F-A668-421C-A460-4B15CE9C04D9}
		{992E0FD3-2725-4B6C-A554-9E73665CCD52} = {1260E65F-A668-421C-A460-4B15CE9C04D9}
	EndGlobalSection
EndGlobal
